// !$*UTF8*$!
{
	archiveVersion = 1;
	classes = {
	};
	objectVersion = 50;
	objects = {

/* Begin PBXBuildFile section */
		DEFE630622FAA97B008AF6F4 /* AppDelegate.swift in Sources */ = {isa = PBXBuildFile; fileRef = DEFE630522FAA97B008AF6F4 /* AppDelegate.swift */; };
		DEFE630822FAA97B008AF6F4 /* ViewController.swift in Sources */ = {isa = PBXBuildFile; fileRef = DEFE630722FAA97B008AF6F4 /* ViewController.swift */; };
		DEFE630B22FAA97B008AF6F4 /* Main.storyboard in Resources */ = {isa = PBXBuildFile; fileRef = DEFE630922FAA97B008AF6F4 /* Main.storyboard */; };
		DEFE630D22FAA97D008AF6F4 /* Assets.xcassets in Resources */ = {isa = PBXBuildFile; fileRef = DEFE630C22FAA97D008AF6F4 /* Assets.xcassets */; };
		DEFE631022FAA97D008AF6F4 /* LaunchScreen.storyboard in Resources */ = {isa = PBXBuildFile; fileRef = DEFE630E22FAA97D008AF6F4 /* LaunchScreen.storyboard */; };
		DEFE631822FAD14B008AF6F4 /* MenuVC.swift in Sources */ = {isa = PBXBuildFile; fileRef = DEFE631722FAD14B008AF6F4 /* MenuVC.swift */; };
/* End PBXBuildFile section */

/* Begin PBXFileReference section */
		DEFE630222FAA97B008AF6F4 /* webviewAPP.app */ = {isa = PBXFileReference; explicitFileType = wrapper.application; includeInIndex = 0; path = webviewAPP.app; sourceTree = BUILT_PRODUCTS_DIR; };
		DEFE630522FAA97B008AF6F4 /* AppDelegate.swift */ = {isa = PBXFileReference; lastKnownFileType = sourcecode.swift; path = AppDelegate.swift; sourceTree = "<group>"; };
		DEFE630722FAA97B008AF6F4 /* ViewController.swift */ = {isa = PBXFileReference; lastKnownFileType = sourcecode.swift; path = ViewController.swift; sourceTree = "<group>"; };
		DEFE630A22FAA97B008AF6F4 /* Base */ = {isa = PBXFileReference; lastKnownFileType = file.storyboard; name = Base; path = Base.lproj/Main.storyboard; sourceTree = "<group>"; };
		DEFE630C22FAA97D008AF6F4 /* Assets.xcassets */ = {isa = PBXFileReference; lastKnownFileType = folder.assetcatalog; path = Assets.xcassets; sourceTree = "<group>"; };
		DEFE630F22FAA97D008AF6F4 /* Base */ = {isa = PBXFileReference; lastKnownFileType = file.storyboard; name = Base; path = Base.lproj/LaunchScreen.storyboard; sourceTree = "<group>"; };
		DEFE631122FAA97D008AF6F4 /* Info.plist */ = {isa = PBXFileReference; lastKnownFileType = text.plist.xml; path = Info.plist; sourceTree = "<group>"; };
		DEFE631722FAD14B008AF6F4 /* MenuVC.swift */ = {isa = PBXFileReference; lastKnownFileType = sourcecode.swift; path = MenuVC.swift; sourceTree = "<group>"; };
/* End PBXFileReference section */

/* Begin PBXFrameworksBuildPhase section */
		DEFE62FF22FAA97B008AF6F4 /* Frameworks */ = {
			isa = PBXFrameworksBuildPhase;
			buildActionMask = 2147483647;
			files = (
			);
			runOnlyForDeploymentPostprocessing = 0;
		};
/* End PBXFrameworksBuildPhase section */

/* Begin PBXGroup section */
		DEFE62F922FAA97B008AF6F4 = {
			isa = PBXGroup;
			children = (
				DEFE630422FAA97B008AF6F4 /* webviewAPP */,
				DEFE630322FAA97B008AF6F4 /* Products */,
			);
			sourceTree = "<group>";
		};
		DEFE630322FAA97B008AF6F4 /* Products */ = {
			isa = PBXGroup;
			children = (
				DEFE630222FAA97B008AF6F4 /* webviewAPP.app */,
			);
			name = Products;
			sourceTree = "<group>";
		};
		DEFE630422FAA97B008AF6F4 /* webviewAPP */ = {
			isa = PBXGroup;
			children = (
				DEFE630522FAA97B008AF6F4 /* AppDelegate.swift */,
				DEFE630722FAA97B008AF6F4 /* ViewController.swift */,
				DEFE631722FAD14B008AF6F4 /* MenuVC.swift */,
				DEFE630922FAA97B008AF6F4 /* Main.storyboard */,
				DEFE630C22FAA97D008AF6F4 /* Assets.xcassets */,
				DEFE630E22FAA97D008AF6F4 /* LaunchScreen.storyboard */,
				DEFE631122FAA97D008AF6F4 /* Info.plist */,
			);
			path = webviewAPP;
			sourceTree = "<group>";
		};
/* End PBXGroup section */

/* Begin PBXNativeTarget section */
		DEFE630122FAA97B008AF6F4 /* webviewAPP */ = {
			isa = PBXNativeTarget;
			buildConfigurationList = DEFE631422FAA97D008AF6F4 /* Build configuration list for PBXNativeTarget "webviewAPP" */;
			buildPhases = (
				DEFE62FE22FAA97B008AF6F4 /* Sources */,
				DEFE62FF22FAA97B008AF6F4 /* Frameworks */,
				DEFE630022FAA97B008AF6F4 /* Resources */,
			);
			buildRules = (
			);
			dependencies = (
			);
			name = webviewAPP;
			productName = webviewAPP;
			productReference = DEFE630222FAA97B008AF6F4 /* webviewAPP.app */;
			productType = "com.apple.product-type.application";
		};
/* End PBXNativeTarget section */

/* Begin PBXProject section */
		DEFE62FA22FAA97B008AF6F4 /* Project object */ = {
			isa = PBXProject;
			attributes = {
				LastSwiftUpdateCheck = 1010;
				LastUpgradeCheck = 1010;
				ORGANIZATIONNAME = "Egor Devyatov";
				TargetAttributes = {
					DEFE630122FAA97B008AF6F4 = {
						CreatedOnToolsVersion = 10.1;
					};
				};
			};
			buildConfigurationList = DEFE62FD22FAA97B008AF6F4 /* Build configuration list for PBXProject "webviewAPP" */;
			compatibilityVersion = "Xcode 9.3";
			developmentRegion = en;
			hasScannedForEncodings = 0;
			knownRegions = (
				en,
				Base,
			);
			mainGroup = DEFE62F922FAA97B008AF6F4;
			productRefGroup = DEFE630322FAA97B008AF6F4 /* Products */;
			projectDirPath = "";
			projectRoot = "";
			targets = (
				DEFE630122FAA97B008AF6F4 /* webviewAPP */,
			);
		};
/* End PBXProject section */

/* Begin PBXResourcesBuildPhase section */
		DEFE630022FAA97B008AF6F4 /* Resources */ = {
			isa = PBXResourcesBuildPhase;
			buildActionMask = 2147483647;
			files = (
				DEFE631022FAA97D008AF6F4 /* LaunchScreen.storyboard in Resources */,
				DEFE630D22FAA97D008AF6F4 /* Assets.xcassets in Resources */,
				DEFE630B22FAA97B008AF6F4 /* Main.storyboard in Resources */,
			);
			runOnlyForDeploymentPostprocessing = 0;
		};
/* End PBXResourcesBuildPhase section */

/* Begin PBXSourcesBuildPhase section */
		DEFE62FE22FAA97B008AF6F4 /* Sources */ = {
			isa = PBXSourcesBuildPhase;
			buildActionMask = 2147483647;
			files = (
				DEFE630822FAA97B008AF6F4 /* ViewController.swift in Sources */,
				DEFE630622FAA97B008AF6F4 /* AppDelegate.swift in Sources */,
				DEFE631822FAD14B008AF6F4 /* MenuVC.swift in Sources */,
			);
			runOnlyForDeploymentPostprocessing = 0;
		};
/* End PBXSourcesBuildPhase section */

/* Begin PBXVariantGroup section */
		DEFE630922FAA97B008AF6F4 /* Main.storyboard */ = {
			isa = PBXVariantGroup;
			children = (
				DEFE630A22FAA97B008AF6F4 /* Base */,
			);
			name = Main.storyboard;
			sourceTree = "<group>";
		};
		DEFE630E22FAA97D008AF6F4 /* LaunchScreen.storyboard */ = {
			isa = PBXVariantGroup;
			children = (
				DEFE630F22FAA97D008AF6F4 /* Base */,
			);
			name = LaunchScreen.storyboard;
			sourceTree = "<group>";
		};
/* End PBXVariantGroup section */

/* Begin XCBuildConfiguration section */
		DEFE631222FAA97D008AF6F4 /* Debug */ = {
			isa = XCBuildConfiguration;
			buildSettings = {
				ALWAYS_SEARCH_USER_PATHS = NO;
				CLANG_ANALYZER_NONNULL = YES;
				CLANG_ANALYZER_NUMBER_OBJECT_CONVERSION = YES_AGGRESSIVE;
				CLANG_CXX_LANGUAGE_STANDARD = "gnu++14";
				CLANG_CXX_LIBRARY = "libc++";
				CLANG_ENABLE_MODULES = YES;
				CLANG_ENABLE_OBJC_ARC = YES;
				CLANG_ENABLE_OBJC_WEAK = YES;
				CLANG_WARN_BLOCK_CAPTURE_AUTORELEASING = YES;
				CLANG_WARN_BOOL_CONVERSION = YES;
				CLANG_WARN_COMMA = YES;
				CLANG_WARN_CONSTANT_CONVERSION = YES;
				CLANG_WARN_DEPRECATED_OBJC_IMPLEMENTATIONS = YES;
				CLANG_WARN_DIRECT_OBJC_ISA_USAGE = YES_ERROR;
				CLANG_WARN_DOCUMENTATION_COMMENTS = YES;
				CLANG_WARN_EMPTY_BODY = YES;
				CLANG_WARN_ENUM_CONVERSION = YES;
				CLANG_WARN_INFINITE_RECURSION = YES;
				CLANG_WARN_INT_CONVERSION = YES;
				CLANG_WARN_NON_LITERAL_NULL_CONVERSION = YES;
				CLANG_WARN_OBJC_IMPLICIT_RETAIN_SELF = YES;
				CLANG_WARN_OBJC_LITERAL_CONVERSION = YES;
				CLANG_WARN_OBJC_ROOT_CLASS = YES_ERROR;
				CLANG_WARN_RANGE_LOOP_ANALYSIS = YES;
				CLANG_WARN_STRICT_PROTOTYPES = YES;
				CLANG_WARN_SUSPICIOUS_MOVE = YES;
				CLANG_WARN_UNGUARDED_AVAILABILITY = YES_AGGRESSIVE;
				CLANG_WARN_UNREACHABLE_CODE = YES;
				CLANG_WARN__DUPLICATE_METHOD_MATCH = YES;
				CODE_SIGN_IDENTITY = "iPhone Developer";
				COPY_PHASE_STRIP = NO;
				DEBUG_INFORMATION_FORMAT = dwarf;
				ENABLE_STRICT_OBJC_MSGSEND = YES;
				ENABLE_TESTABILITY = YES;
				GCC_C_LANGUAGE_STANDARD = gnu11;
				GCC_DYNAMIC_NO_PIC = NO;
				GCC_NO_COMMON_BLOCKS = YES;
				GCC_OPTIMIZATION_LEVEL = 0;
				GCC_PREPROCESSOR_DEFINITIONS = (
					"DEBUG=1",
					"$(inherited)",
				);
				GCC_WARN_64_TO_32_BIT_CONVERSION = YES;
				GCC_WARN_ABOUT_RETURN_TYPE = YES_ERROR;
				GCC_WARN_UNDECLARED_SELECTOR = YES;
				GCC_WARN_UNINITIALIZED_AUTOS = YES_AGGRESSIVE;
				GCC_WARN_UNUSED_FUNCTION = YES;
				GCC_WARN_UNUSED_VARIABLE = YES;
				IPHONEOS_DEPLOYMENT_TARGET = 12.1;
				MTL_ENABLE_DEBUG_INFO = INCLUDE_SOURCE;
				MTL_FAST_MATH = YES;
				ONLY_ACTIVE_ARCH = YES;
				SDKROOT = iphoneos;
				SWIFT_ACTIVE_COMPILATION_CONDITIONS = DEBUG;
				SWIFT_OPTIMIZATION_LEVEL = "-Onone";
			};
			name = Debug;
		};
		DEFE631322FAA97D008AF6F4 /* Release */ = {
			isa = XCBuildConfiguration;
			buildSettings = {
				ALWAYS_SEARCH_USER_PATHS = NO;
				CLANG_ANALYZER_NONNULL = YES;
				CLANG_ANALYZER_NUMBER_OBJECT_CONVERSION = YES_AGGRESSIVE;
				CLANG_CXX_LANGUAGE_STANDARD = "gnu++14";
				CLANG_CXX_LIBRARY = "libc++";
				CLANG_ENABLE_MODULES = YES;
				CLANG_ENABLE_OBJC_ARC = YES;
				CLANG_ENABLE_OBJC_WEAK = YES;
				CLANG_WARN_BLOCK_CAPTURE_AUTORELEASING = YES;
				CLANG_WARN_BOOL_CONVERSION = YES;
				CLANG_WARN_COMMA = YES;
				CLANG_WARN_CONSTANT_CONVERSION = YES;
				CLANG_WARN_DEPRECATED_OBJC_IMPLEMENTATIONS = YES;
				CLANG_WARN_DIRECT_OBJC_ISA_USAGE = YES_ERROR;
				CLANG_WARN_DOCUMENTATION_COMMENTS = YES;
				CLANG_WARN_EMPTY_BODY = YES;
				CLANG_WARN_ENUM_CONVERSION = YES;
				CLANG_WARN_INFINITE_RECURSION = YES;
				CLANG_WARN_INT_CONVERSION = YES;
				CLANG_WARN_NON_LITERAL_NULL_CONVERSION = YES;
				CLANG_WARN_OBJC_IMPLICIT_RETAIN_SELF = YES;
				CLANG_WARN_OBJC_LITERAL_CONVERSION = YES;
				CLANG_WARN_OBJC_ROOT_CLASS = YES_ERROR;
				CLANG_WARN_RANGE_LOOP_ANALYSIS = YES;
				CLANG_WARN_STRICT_PROTOTYPES = YES;
				CLANG_WARN_SUSPICIOUS_MOVE = YES;
				CLANG_WARN_UNGUARDED_AVAILABILITY = YES_AGGRESSIVE;
				CLANG_WARN_UNREACHABLE_CODE = YES;
				CLANG_WARN__DUPLICATE_METHOD_MATCH = YES;
				CODE_SIGN_IDENTITY = "iPhone Developer";
				COPY_PHASE_STRIP = NO;
				DEBUG_INFORMATION_FORMAT = "dwarf-with-dsym";
				ENABLE_NS_ASSERTIONS = NO;
				ENABLE_STRICT_OBJC_MSGSEND = YES;
				GCC_C_LANGUAGE_STANDARD = gnu11;
				GCC_NO_COMMON_BLOCKS = YES;
				GCC_WARN_64_TO_32_BIT_CONVERSION = YES;
				GCC_WARN_ABOUT_RETURN_TYPE = YES_ERROR;
				GCC_WARN_UNDECLARED_SELECTOR = YES;
				GCC_WARN_UNINITIALIZED_AUTOS = YES_AGGRESSIVE;
				GCC_WARN_UNUSED_FUNCTION = YES;
				GCC_WARN_UNUSED_VARIABLE = YES;
				IPHONEOS_DEPLOYMENT_TARGET = 12.1;
				MTL_ENABLE_DEBUG_INFO = NO;
				MTL_FAST_MATH = YES;
				SDKROOT = iphoneos;
				SWIFT_COMPILATION_MODE = wholemodule;
				SWIFT_OPTIMIZATION_LEVEL = "-O";
				VALIDATE_PRODUCT = YES;
			};
			name = Release;
		};
		DEFE631522FAA97D008AF6F4 /* Debug */ = {
			isa = XCBuildConfiguration;
			buildSettings = {
				ASSETCATALOG_COMPILER_APPICON_NAME = AppIcon;
				CODE_SIGN_STYLE = Automatic;
				DEVELOPMENT_TEAM = "";
				INFOPLIST_FILE = webviewAPP/Info.plist;
				LD_RUNPATH_SEARCH_PATHS = (
					"$(inherited)",
					"@executable_path/Frameworks",
				);
				PRODUCT_BUNDLE_IDENTIFIER = "ru.htc-cs.webviewAPP";
				PRODUCT_NAME = "$(TARGET_NAME)";
				SWIFT_VERSION = 4.2;
				TARGETED_DEVICE_FAMILY = "1,2";
			};
			name = Debug;
		};
		DEFE631622FAA97D008AF6F4 /* Release */ = {
			isa = XCBuildConfiguration;
			buildSettings = {
				ASSETCATALOG_COMPILER_APPICON_NAME = AppIcon;
				CODE_SIGN_STYLE = Automatic;
				DEVELOPMENT_TEAM = "";
				INFOPLIST_FILE = webviewAPP/Info.plist;
				LD_RUNPATH_SEARCH_PATHS = (
					"$(inherited)",
					"@executable_path/Frameworks",
				);
				PRODUCT_BUNDLE_IDENTIFIER = "ru.htc-cs.webviewAPP";
				PRODUCT_NAME = "$(TARGET_NAME)";
				SWIFT_VERSION = 4.2;
				TARGETED_DEVICE_FAMILY = "1,2";
			};
			name = Release;
		};
/* End XCBuildConfiguration section */

/* Begin XCConfigurationList section */
		DEFE62FD22FAA97B008AF6F4 /* Build configuration list for PBXProject "webviewAPP" */ = {
			isa = XCConfigurationList;
			buildConfigurations = (
				DEFE631222FAA97D008AF6F4 /* Debug */,
				DEFE631322FAA97D008AF6F4 /* Release */,
			);
			defaultConfigurationIsVisible = 0;
			defaultConfigurationName = Release;
		};
		DEFE631422FAA97D008AF6F4 /* Build configuration list for PBXNativeTarget "webviewAPP" */ = {
			isa = XCConfigurationList;
			buildConfigurations = (
				DEFE631522FAA97D008AF6F4 /* Debug */,
				DEFE631622FAA97D008AF6F4 /* Release */,
			);
			defaultConfigurationIsVisible = 0;
			defaultConfigurationName = Release;
		};
/* End XCConfigurationList section */
	};
	rootObject = DEFE62FA22FAA97B008AF6F4 /* Project object */;
}
